
Microsoft Visual Studio Solution File, Format Version 12.00
# Visual Studio Version 17
VisualStudioVersion = 17.5.33414.496
MinimumVisualStudioVersion = 10.0.40219.1
Project("{8BC9CEB8-8B4A-11D0-8D11-00A0C91BC942}") = "pacman", "pacman.vcxproj", "{49A80AC6-03B1-44FD-8B3D-877533B60EF6}"
EndProject
Global
	GlobalSection(SolutionConfigurationPlatforms) = preSolution
		Debug|x86 = Debug|x86
		Release|x86 = Release|x86
	EndGlobalSection
	GlobalSection(ProjectConfigurationPlatforms) = postSolution
		{49A80AC6-03B1-44FD-8B3D-877533B60EF6}.Debug|x86.ActiveCfg = Debug|Win32
		{49A80AC6-03B1-44FD-8B3D-877533B60EF6}.Debug|x86.Build.0 = Debug|Win32
		{49A80AC6-03B1-44FD-8B3D-877533B60EF6}.Release|x86.ActiveCfg = Release|Win32
		{49A80AC6-03B1-44FD-8B3D-877533B60EF6}.Release|x86.Build.0 = Release|Win32
	EndGlobalSection
	GlobalSection(SolutionProperties) = preSolution
		HideSolutionNode = FALSE
	EndGlobalSection
	GlobalSection(ExtensibilityGlobals) = postSolution
		SolutionGuid = {AF1B6A2F-1A02-4E40-8068-B9C2952A2485}
	EndGlobalSection
EndGlobal
