
Microsoft Visual Studio Solution File, Format Version 12.00
# Visual Studio Version 17
VisualStudioVersion = 17.3.32922.545
MinimumVisualStudioVersion = 10.0.40219.1
Project("{8BC9CEB8-8B4A-11D0-8D11-00A0C91BC942}") = "pacman2", "pacman2.vcxproj", "{29FBB119-76A4-462B-BD10-E55718B9396F}"
EndProject
Global
	GlobalSection(SolutionConfigurationPlatforms) = preSolution
		Debug|Win32 = Debug|Win32
		Release|Win32 = Release|Win32
	EndGlobalSection
	GlobalSection(ProjectConfigurationPlatforms) = postSolution
		{29FBB119-76A4-462B-BD10-E55718B9396F}.Debug|Win32.ActiveCfg = Debug|Win32
		{29FBB119-76A4-462B-BD10-E55718B9396F}.Debug|Win32.Build.0 = Debug|Win32
		{29FBB119-76A4-462B-BD10-E55718B9396F}.Release|Win32.ActiveCfg = Release|Win32
		{29FBB119-76A4-462B-BD10-E55718B9396F}.Release|Win32.Build.0 = Release|Win32
	EndGlobalSection
	GlobalSection(SolutionProperties) = preSolution
		HideSolutionNode = FALSE
	EndGlobalSection
	GlobalSection(ExtensibilityGlobals) = postSolution
		SolutionGuid = {2712F463-57EC-4AFA-9FB4-9E3BF81BFA09}
	EndGlobalSection
EndGlobal
